
Microsoft Visual Studio Solution File, Format Version 12.00
# Visual Studio 2013
VisualStudioVersion = 12.0.30723.0
MinimumVisualStudioVersion = 10.0.40219.1
Project("{FAE04EC0-301F-11D3-BF4B-00C04F79EFBC}") = "MyNotepad", "MyNotepad\MyNotepad.csproj", "{94DD2768-51A0-4632-B8D6-FD7A64666DC3}"
	ProjectSection(ProjectDependencies) = postProject
		{861F4307-3CDF-463E-B4A3-2C4D185350EC} = {861F4307-3CDF-463E-B4A3-2C4D185350EC}
	EndProjectSection
EndProject
Project("{FAE04EC0-301F-11D3-BF4B-00C04F79EFBC}") = "MyService", "MyService\MyService.csproj", "{861F4307-3CDF-463E-B4A3-2C4D185350EC}"
EndProject
Project("{2150E333-8FDC-42A3-9474-1A3956D46DE8}") = "MyNewApp", "MyNewApp", "{49AD956D-D616-46E2-B5A0-C5520FEB48DF}"
EndProject
Project("{D954291E-2A0B-460D-934E-DC6B0785DB48}") = "MyNewApp.Shared", "MyNotepad\MyNewApp\MyNewApp.Shared\MyNewApp.Shared.shproj", "{BE967A73-7551-4CF2-9887-13099836ABDC}"
EndProject
Project("{FAE04EC0-301F-11D3-BF4B-00C04F79EFBC}") = "MyNewApp.Windows", "MyNotepad\MyNewApp\MyNewApp.Windows\MyNewApp.Windows.csproj", "{B0FFBA4A-ABD7-411B-B595-7F141A389D92}"
EndProject
Project("{FAE04EC0-301F-11D3-BF4B-00C04F79EFBC}") = "MyNewApp.WindowsPhone", "MyNotepad\MyNewApp\MyNewApp.WindowsPhone\MyNewApp.WindowsPhone.csproj", "{1E2124C2-3E90-4244-9CAE-8DCD2A18F908}"
EndProject
Project("{FAE04EC0-301F-11D3-BF4B-00C04F79EFBC}") = "BlinkTest", "BlinkTest\BlinkTest.csproj", "{FC6946C6-08E2-414A-94A7-B93B2A477319}"
EndProject
Project("{FAE04EC0-301F-11D3-BF4B-00C04F79EFBC}") = "Spaceship", "Spaceship\Spaceship.csproj", "{1AE5A18E-6D6F-4E12-A03E-FA57A775A3B4}"
EndProject
Global
	GlobalSection(SharedMSBuildProjectFiles) = preSolution
		MyNotepad\MyNewApp\MyNewApp.Shared\MyNewApp.Shared.projitems*{1e2124c2-3e90-4244-9cae-8dcd2a18f908}*SharedItemsImports = 4
		MyNotepad\MyNewApp\MyNewApp.Shared\MyNewApp.Shared.projitems*{be967a73-7551-4cf2-9887-13099836abdc}*SharedItemsImports = 13
		MyNotepad\MyNewApp\MyNewApp.Shared\MyNewApp.Shared.projitems*{b0ffba4a-abd7-411b-b595-7f141a389d92}*SharedItemsImports = 4
	EndGlobalSection
	GlobalSection(SolutionConfigurationPlatforms) = preSolution
		Debug|Any CPU = Debug|Any CPU
		Debug|ARM = Debug|ARM
		Debug|x64 = Debug|x64
		Debug|x86 = Debug|x86
		Release|Any CPU = Release|Any CPU
		Release|ARM = Release|ARM
		Release|x64 = Release|x64
		Release|x86 = Release|x86
	EndGlobalSection
	GlobalSection(ProjectConfigurationPlatforms) = postSolution
		{94DD2768-51A0-4632-B8D6-FD7A64666DC3}.Debug|Any CPU.ActiveCfg = Debug|Any CPU
		{94DD2768-51A0-4632-B8D6-FD7A64666DC3}.Debug|Any CPU.Build.0 = Debug|Any CPU
		{94DD2768-51A0-4632-B8D6-FD7A64666DC3}.Debug|ARM.ActiveCfg = Debug|Any CPU
		{94DD2768-51A0-4632-B8D6-FD7A64666DC3}.Debug|x64.ActiveCfg = Debug|Any CPU
		{94DD2768-51A0-4632-B8D6-FD7A64666DC3}.Debug|x86.ActiveCfg = Debug|Any CPU
		{94DD2768-51A0-4632-B8D6-FD7A64666DC3}.Release|Any CPU.ActiveCfg = Release|Any CPU
		{94DD2768-51A0-4632-B8D6-FD7A64666DC3}.Release|Any CPU.Build.0 = Release|Any CPU
		{94DD2768-51A0-4632-B8D6-FD7A64666DC3}.Release|ARM.ActiveCfg = Release|Any CPU
		{94DD2768-51A0-4632-B8D6-FD7A64666DC3}.Release|x64.ActiveCfg = Release|Any CPU
		{94DD2768-51A0-4632-B8D6-FD7A64666DC3}.Release|x86.ActiveCfg = Release|Any CPU
		{861F4307-3CDF-463E-B4A3-2C4D185350EC}.Debug|Any CPU.ActiveCfg = Debug|Any CPU
		{861F4307-3CDF-463E-B4A3-2C4D185350EC}.Debug|Any CPU.Build.0 = Debug|Any CPU
		{861F4307-3CDF-463E-B4A3-2C4D185350EC}.Debug|ARM.ActiveCfg = Debug|Any CPU
		{861F4307-3CDF-463E-B4A3-2C4D185350EC}.Debug|x64.ActiveCfg = Debug|Any CPU
		{861F4307-3CDF-463E-B4A3-2C4D185350EC}.Debug|x86.ActiveCfg = Debug|Any CPU
		{861F4307-3CDF-463E-B4A3-2C4D185350EC}.Release|Any CPU.ActiveCfg = Release|Any CPU
		{861F4307-3CDF-463E-B4A3-2C4D185350EC}.Release|Any CPU.Build.0 = Release|Any CPU
		{861F4307-3CDF-463E-B4A3-2C4D185350EC}.Release|ARM.ActiveCfg = Release|Any CPU
		{861F4307-3CDF-463E-B4A3-2C4D185350EC}.Release|x64.ActiveCfg = Release|Any CPU
		{861F4307-3CDF-463E-B4A3-2C4D185350EC}.Release|x86.ActiveCfg = Release|Any CPU
		{B0FFBA4A-ABD7-411B-B595-7F141A389D92}.Debug|Any CPU.ActiveCfg = Debug|Any CPU
		{B0FFBA4A-ABD7-411B-B595-7F141A389D92}.Debug|Any CPU.Build.0 = Debug|Any CPU
		{B0FFBA4A-ABD7-411B-B595-7F141A389D92}.Debug|Any CPU.Deploy.0 = Debug|Any CPU
		{B0FFBA4A-ABD7-411B-B595-7F141A389D92}.Debug|ARM.ActiveCfg = Debug|ARM
		{B0FFBA4A-ABD7-411B-B595-7F141A389D92}.Debug|ARM.Build.0 = Debug|ARM
		{B0FFBA4A-ABD7-411B-B595-7F141A389D92}.Debug|ARM.Deploy.0 = Debug|ARM
		{B0FFBA4A-ABD7-411B-B595-7F141A389D92}.Debug|x64.ActiveCfg = Debug|x64
		{B0FFBA4A-ABD7-411B-B595-7F141A389D92}.Debug|x64.Build.0 = Debug|x64
		{B0FFBA4A-ABD7-411B-B595-7F141A389D92}.Debug|x64.Deploy.0 = Debug|x64
		{B0FFBA4A-ABD7-411B-B595-7F141A389D92}.Debug|x86.ActiveCfg = Debug|x86
		{B0FFBA4A-ABD7-411B-B595-7F141A389D92}.Debug|x86.Build.0 = Debug|x86
		{B0FFBA4A-ABD7-411B-B595-7F141A389D92}.Debug|x86.Deploy.0 = Debug|x86
		{B0FFBA4A-ABD7-411B-B595-7F141A389D92}.Release|Any CPU.ActiveCfg = Release|Any CPU
		{B0FFBA4A-ABD7-411B-B595-7F141A389D92}.Release|Any CPU.Build.0 = Release|Any CPU
		{B0FFBA4A-ABD7-411B-B595-7F141A389D92}.Release|Any CPU.Deploy.0 = Release|Any CPU
		{B0FFBA4A-ABD7-411B-B595-7F141A389D92}.Release|ARM.ActiveCfg = Release|ARM
		{B0FFBA4A-ABD7-411B-B595-7F141A389D92}.Release|ARM.Build.0 = Release|ARM
		{B0FFBA4A-ABD7-411B-B595-7F141A389D92}.Release|ARM.Deploy.0 = Release|ARM
		{B0FFBA4A-ABD7-411B-B595-7F141A389D92}.Release|x64.ActiveCfg = Release|x64
		{B0FFBA4A-ABD7-411B-B595-7F141A389D92}.Release|x64.Build.0 = Release|x64
		{B0FFBA4A-ABD7-411B-B595-7F141A389D92}.Release|x64.Deploy.0 = Release|x64
		{B0FFBA4A-ABD7-411B-B595-7F141A389D92}.Release|x86.ActiveCfg = Release|x86
		{B0FFBA4A-ABD7-411B-B595-7F141A389D92}.Release|x86.Build.0 = Release|x86
		{B0FFBA4A-ABD7-411B-B595-7F141A389D92}.Release|x86.Deploy.0 = Release|x86
		{1E2124C2-3E90-4244-9CAE-8DCD2A18F908}.Debug|Any CPU.ActiveCfg = Debug|Any CPU
		{1E2124C2-3E90-4244-9CAE-8DCD2A18F908}.Debug|Any CPU.Build.0 = Debug|Any CPU
		{1E2124C2-3E90-4244-9CAE-8DCD2A18F908}.Debug|Any CPU.Deploy.0 = Debug|Any CPU
		{1E2124C2-3E90-4244-9CAE-8DCD2A18F908}.Debug|ARM.ActiveCfg = Debug|ARM
		{1E2124C2-3E90-4244-9CAE-8DCD2A18F908}.Debug|ARM.Build.0 = Debug|ARM
		{1E2124C2-3E90-4244-9CAE-8DCD2A18F908}.Debug|ARM.Deploy.0 = Debug|ARM
		{1E2124C2-3E90-4244-9CAE-8DCD2A18F908}.Debug|x64.ActiveCfg = Debug|Any CPU
		{1E2124C2-3E90-4244-9CAE-8DCD2A18F908}.Debug|x86.ActiveCfg = Debug|x86
		{1E2124C2-3E90-4244-9CAE-8DCD2A18F908}.Debug|x86.Build.0 = Debug|x86
		{1E2124C2-3E90-4244-9CAE-8DCD2A18F908}.Debug|x86.Deploy.0 = Debug|x86
		{1E2124C2-3E90-4244-9CAE-8DCD2A18F908}.Release|Any CPU.ActiveCfg = Release|Any CPU
		{1E2124C2-3E90-4244-9CAE-8DCD2A18F908}.Release|Any CPU.Build.0 = Release|Any CPU
		{1E2124C2-3E90-4244-9CAE-8DCD2A18F908}.Release|Any CPU.Deploy.0 = Release|Any CPU
		{1E2124C2-3E90-4244-9CAE-8DCD2A18F908}.Release|ARM.ActiveCfg = Release|ARM
		{1E2124C2-3E90-4244-9CAE-8DCD2A18F908}.Release|ARM.Build.0 = Release|ARM
		{1E2124C2-3E90-4244-9CAE-8DCD2A18F908}.Release|ARM.Deploy.0 = Release|ARM
		{1E2124C2-3E90-4244-9CAE-8DCD2A18F908}.Release|x64.ActiveCfg = Release|Any CPU
		{1E2124C2-3E90-4244-9CAE-8DCD2A18F908}.Release|x86.ActiveCfg = Release|x86
		{1E2124C2-3E90-4244-9CAE-8DCD2A18F908}.Release|x86.Build.0 = Release|x86
		{1E2124C2-3E90-4244-9CAE-8DCD2A18F908}.Release|x86.Deploy.0 = Release|x86
		{FC6946C6-08E2-414A-94A7-B93B2A477319}.Debug|Any CPU.ActiveCfg = Debug|Any CPU
		{FC6946C6-08E2-414A-94A7-B93B2A477319}.Debug|Any CPU.Build.0 = Debug|Any CPU
		{FC6946C6-08E2-414A-94A7-B93B2A477319}.Debug|Any CPU.Deploy.0 = Debug|Any CPU
		{FC6946C6-08E2-414A-94A7-B93B2A477319}.Debug|ARM.ActiveCfg = Debug|Any CPU
		{FC6946C6-08E2-414A-94A7-B93B2A477319}.Debug|x64.ActiveCfg = Debug|Any CPU
		{FC6946C6-08E2-414A-94A7-B93B2A477319}.Debug|x86.ActiveCfg = Debug|Any CPU
		{FC6946C6-08E2-414A-94A7-B93B2A477319}.Release|Any CPU.ActiveCfg = Release|Any CPU
		{FC6946C6-08E2-414A-94A7-B93B2A477319}.Release|Any CPU.Build.0 = Release|Any CPU
		{FC6946C6-08E2-414A-94A7-B93B2A477319}.Release|Any CPU.Deploy.0 = Release|Any CPU
		{FC6946C6-08E2-414A-94A7-B93B2A477319}.Release|ARM.ActiveCfg = Release|Any CPU
		{FC6946C6-08E2-414A-94A7-B93B2A477319}.Release|x64.ActiveCfg = Release|Any CPU
		{FC6946C6-08E2-414A-94A7-B93B2A477319}.Release|x86.ActiveCfg = Release|Any CPU
		{1AE5A18E-6D6F-4E12-A03E-FA57A775A3B4}.Debug|Any CPU.ActiveCfg = Debug|Any CPU
		{1AE5A18E-6D6F-4E12-A03E-FA57A775A3B4}.Debug|Any CPU.Build.0 = Debug|Any CPU
		{1AE5A18E-6D6F-4E12-A03E-FA57A775A3B4}.Debug|ARM.ActiveCfg = Debug|Any CPU
		{1AE5A18E-6D6F-4E12-A03E-FA57A775A3B4}.Debug|x64.ActiveCfg = Debug|Any CPU
		{1AE5A18E-6D6F-4E12-A03E-FA57A775A3B4}.Debug|x86.ActiveCfg = Debug|Any CPU
		{1AE5A18E-6D6F-4E12-A03E-FA57A775A3B4}.Release|Any CPU.ActiveCfg = Release|Any CPU
		{1AE5A18E-6D6F-4E12-A03E-FA57A775A3B4}.Release|Any CPU.Build.0 = Release|Any CPU
		{1AE5A18E-6D6F-4E12-A03E-FA57A775A3B4}.Release|ARM.ActiveCfg = Release|Any CPU
		{1AE5A18E-6D6F-4E12-A03E-FA57A775A3B4}.Release|x64.ActiveCfg = Release|Any CPU
		{1AE5A18E-6D6F-4E12-A03E-FA57A775A3B4}.Release|x86.ActiveCfg = Release|Any CPU
	EndGlobalSection
	GlobalSection(SolutionProperties) = preSolution
		HideSolutionNode = FALSE
	EndGlobalSection
	GlobalSection(NestedProjects) = preSolution
		{BE967A73-7551-4CF2-9887-13099836ABDC} = {49AD956D-D616-46E2-B5A0-C5520FEB48DF}
		{B0FFBA4A-ABD7-411B-B595-7F141A389D92} = {49AD956D-D616-46E2-B5A0-C5520FEB48DF}
		{1E2124C2-3E90-4244-9CAE-8DCD2A18F908} = {49AD956D-D616-46E2-B5A0-C5520FEB48DF}
	EndGlobalSection
EndGlobal
